lockfileVersion: '9.0'

settings:
  autoInstallPeers: true
  excludeLinksFromLockfile: false

importers:

  .:
    devDependencies:
      cloudflared:
        specifier: ^0.7.0
        version: 0.7.1
      dotenv:
        specifier: ^16.5.0
        version: 16.6.1
      postgres:
        specifier: ^3.4.7
        version: 3.4.7

packages:

  cloudflared@0.7.1:
    resolution: {integrity: sha512-jJn1Gu9Tf4qnIu8tfiHZ25Hs8rNcRYSVf8zAd97wvYdOCzftm1CTs1S/RPhijjGi8gUT1p9yzfDi9zYlU/0RwA==}
    hasBin: true

  dotenv@16.6.1:
    resolution: {integrity: sha512-uBq4egWHTcTt33a72vpSG0z3HnPuIl6NqYcTrKEg2azoEyl2hpW0zqlxysq2pK9HlDIHyHyakeYaYnSAwd8bow==}
    engines: {node: '>=12'}

  postgres@3.4.7:
    resolution: {integrity: sha512-Jtc2612XINuBjIl/QTWsV5UvE8UHuNblcO3vVADSrKsrc6RqGX6lOW1cEo3CM2v0XG4Nat8nI+YM7/f26VxXLw==}
    engines: {node: '>=12'}

snapshots:

  cloudflared@0.7.1: {}

  dotenv@16.6.1: {}

  postgres@3.4.7: {}
